
Microsoft Visual Studio Solution File, Format Version 12.00
# Visual Studio Version 16
VisualStudioVersion = 16.0.28922.388
MinimumVisualStudioVersion = 10.0.40219.1
Project("{FAE04EC0-301F-11D3-BF4B-00C04F79EFBC}") = "LisasWorkbook", "LisasWorkbook\LisasWorkbook.csproj", "{731A81CB-C665-4BAE-8788-37AED8CF3CB4}"
EndProject
Global
	GlobalSection(SolutionConfigurationPlatforms) = preSolution
		Debug|Any CPU = Debug|Any CPU
		Release|Any CPU = Release|Any CPU
	EndGlobalSection
	GlobalSection(ProjectConfigurationPlatforms) = postSolution
		{731A81CB-C665-4BAE-8788-37AED8CF3CB4}.Debug|Any CPU.ActiveCfg = Debug|Any CPU
		{731A81CB-C665-4BAE-8788-37AED8CF3CB4}.Debug|Any CPU.Build.0 = Debug|Any CPU
		{731A81CB-C665-4BAE-8788-37AED8CF3CB4}.Release|Any CPU.ActiveCfg = Release|Any CPU
		{731A81CB-C665-4BAE-8788-37AED8CF3CB4}.Release|Any CPU.Build.0 = Release|Any CPU
	EndGlobalSection
	GlobalSection(SolutionProperties) = preSolution
		HideSolutionNode = FALSE
	EndGlobalSection
	GlobalSection(ExtensibilityGlobals) = postSolution
		SolutionGuid = {61AB242B-769B-4F2C-9EE5-B1EB1AEC024C}
	EndGlobalSection
EndGlobal
