
Microsoft Visual Studio Solution File, Format Version 12.00
# Visual Studio Version 16
VisualStudioVersion = 16.0.28922.388
MinimumVisualStudioVersion = 10.0.40219.1
Project("{FAE04EC0-301F-11D3-BF4B-00C04F79EFBC}") = "LonelyInteger", "LonelyInteger\LonelyInteger.csproj", "{46491417-4CDA-477F-975C-244BBCD1B60A}"
EndProject
Global
	GlobalSection(SolutionConfigurationPlatforms) = preSolution
		Debug|Any CPU = Debug|Any CPU
		Release|Any CPU = Release|Any CPU
	EndGlobalSection
	GlobalSection(ProjectConfigurationPlatforms) = postSolution
		{46491417-4CDA-477F-975C-244BBCD1B60A}.Debug|Any CPU.ActiveCfg = Debug|Any CPU
		{46491417-4CDA-477F-975C-244BBCD1B60A}.Debug|Any CPU.Build.0 = Debug|Any CPU
		{46491417-4CDA-477F-975C-244BBCD1B60A}.Release|Any CPU.ActiveCfg = Release|Any CPU
		{46491417-4CDA-477F-975C-244BBCD1B60A}.Release|Any CPU.Build.0 = Release|Any CPU
	EndGlobalSection
	GlobalSection(SolutionProperties) = preSolution
		HideSolutionNode = FALSE
	EndGlobalSection
	GlobalSection(ExtensibilityGlobals) = postSolution
		SolutionGuid = {3651CCDD-C58F-4BF2-88B9-563320127C5E}
	EndGlobalSection
EndGlobal
