
Microsoft Visual Studio Solution File, Format Version 12.00
# Visual Studio Version 16
VisualStudioVersion = 16.0.28922.388
MinimumVisualStudioVersion = 10.0.40219.1
Project("{FAE04EC0-301F-11D3-BF4B-00C04F79EFBC}") = "CompareTheTriplets", "CompareTheTriplets\CompareTheTriplets.csproj", "{51D1694F-027F-4978-BF6B-A50D615B0C78}"
EndProject
Global
	GlobalSection(SolutionConfigurationPlatforms) = preSolution
		Debug|Any CPU = Debug|Any CPU
		Release|Any CPU = Release|Any CPU
	EndGlobalSection
	GlobalSection(ProjectConfigurationPlatforms) = postSolution
		{51D1694F-027F-4978-BF6B-A50D615B0C78}.Debug|Any CPU.ActiveCfg = Debug|Any CPU
		{51D1694F-027F-4978-BF6B-A50D615B0C78}.Debug|Any CPU.Build.0 = Debug|Any CPU
		{51D1694F-027F-4978-BF6B-A50D615B0C78}.Release|Any CPU.ActiveCfg = Release|Any CPU
		{51D1694F-027F-4978-BF6B-A50D615B0C78}.Release|Any CPU.Build.0 = Release|Any CPU
	EndGlobalSection
	GlobalSection(SolutionProperties) = preSolution
		HideSolutionNode = FALSE
	EndGlobalSection
	GlobalSection(ExtensibilityGlobals) = postSolution
		SolutionGuid = {145241BC-4DBE-4E5B-8E9B-5838624D6D12}
	EndGlobalSection
EndGlobal
