
Microsoft Visual Studio Solution File, Format Version 12.00
# Visual Studio Version 16
VisualStudioVersion = 16.0.30114.105
MinimumVisualStudioVersion = 10.0.40219.1
Project("{FAE04EC0-301F-11D3-BF4B-00C04F79EFBC}") = "TheHurdleRace", "TheHurdleRace\TheHurdleRace.csproj", "{421358E6-5D96-4FFB-BD70-700530E18251}"
EndProject
Global
	GlobalSection(SolutionConfigurationPlatforms) = preSolution
		Debug|Any CPU = Debug|Any CPU
		Release|Any CPU = Release|Any CPU
	EndGlobalSection
	GlobalSection(ProjectConfigurationPlatforms) = postSolution
		{421358E6-5D96-4FFB-BD70-700530E18251}.Debug|Any CPU.ActiveCfg = Debug|Any CPU
		{421358E6-5D96-4FFB-BD70-700530E18251}.Debug|Any CPU.Build.0 = Debug|Any CPU
		{421358E6-5D96-4FFB-BD70-700530E18251}.Release|Any CPU.ActiveCfg = Release|Any CPU
		{421358E6-5D96-4FFB-BD70-700530E18251}.Release|Any CPU.Build.0 = Release|Any CPU
	EndGlobalSection
	GlobalSection(SolutionProperties) = preSolution
		HideSolutionNode = FALSE
	EndGlobalSection
	GlobalSection(ExtensibilityGlobals) = postSolution
		SolutionGuid = {BB63D83F-AAE4-4251-B0AF-A65CB98464F9}
	EndGlobalSection
EndGlobal
