
Microsoft Visual Studio Solution File, Format Version 12.00
# Visual Studio Version 16
VisualStudioVersion = 16.0.28922.388
MinimumVisualStudioVersion = 10.0.40219.1
Project("{FAE04EC0-301F-11D3-BF4B-00C04F79EFBC}") = "DivisibleSumPairs", "DivisibleSumPairs\DivisibleSumPairs.csproj", "{AEA7F0BB-CC16-47C1-AFDB-0FF3AD895DAB}"
EndProject
Global
	GlobalSection(SolutionConfigurationPlatforms) = preSolution
		Debug|Any CPU = Debug|Any CPU
		Release|Any CPU = Release|Any CPU
	EndGlobalSection
	GlobalSection(ProjectConfigurationPlatforms) = postSolution
		{AEA7F0BB-CC16-47C1-AFDB-0FF3AD895DAB}.Debug|Any CPU.ActiveCfg = Debug|Any CPU
		{AEA7F0BB-CC16-47C1-AFDB-0FF3AD895DAB}.Debug|Any CPU.Build.0 = Debug|Any CPU
		{AEA7F0BB-CC16-47C1-AFDB-0FF3AD895DAB}.Release|Any CPU.ActiveCfg = Release|Any CPU
		{AEA7F0BB-CC16-47C1-AFDB-0FF3AD895DAB}.Release|Any CPU.Build.0 = Release|Any CPU
	EndGlobalSection
	GlobalSection(SolutionProperties) = preSolution
		HideSolutionNode = FALSE
	EndGlobalSection
	GlobalSection(ExtensibilityGlobals) = postSolution
		SolutionGuid = {05AAACE7-2145-4387-A614-E44A9476097D}
	EndGlobalSection
EndGlobal
