
Microsoft Visual Studio Solution File, Format Version 12.00
# Visual Studio Version 16
VisualStudioVersion = 16.0.28922.388
MinimumVisualStudioVersion = 10.0.40219.1
Project("{FAE04EC0-301F-11D3-BF4B-00C04F79EFBC}") = "MiniMaxSum", "MiniMaxSum\MiniMaxSum.csproj", "{FF020B4E-DB62-45CB-9A72-7E573EF9AEE5}"
EndProject
Global
	GlobalSection(SolutionConfigurationPlatforms) = preSolution
		Debug|Any CPU = Debug|Any CPU
		Release|Any CPU = Release|Any CPU
	EndGlobalSection
	GlobalSection(ProjectConfigurationPlatforms) = postSolution
		{FF020B4E-DB62-45CB-9A72-7E573EF9AEE5}.Debug|Any CPU.ActiveCfg = Debug|Any CPU
		{FF020B4E-DB62-45CB-9A72-7E573EF9AEE5}.Debug|Any CPU.Build.0 = Debug|Any CPU
		{FF020B4E-DB62-45CB-9A72-7E573EF9AEE5}.Release|Any CPU.ActiveCfg = Release|Any CPU
		{FF020B4E-DB62-45CB-9A72-7E573EF9AEE5}.Release|Any CPU.Build.0 = Release|Any CPU
	EndGlobalSection
	GlobalSection(SolutionProperties) = preSolution
		HideSolutionNode = FALSE
	EndGlobalSection
	GlobalSection(ExtensibilityGlobals) = postSolution
		SolutionGuid = {C79E2286-FBB1-457F-87BD-FFC1948614F8}
	EndGlobalSection
EndGlobal
