
Microsoft Visual Studio Solution File, Format Version 12.00
# Visual Studio Version 16
VisualStudioVersion = 16.0.28922.388
MinimumVisualStudioVersion = 10.0.40219.1
Project("{FAE04EC0-301F-11D3-BF4B-00C04F79EFBC}") = "SimpleArraySum", "SimpleArraySum\SimpleArraySum.csproj", "{D8994B44-B7B6-4765-81DB-5FE99919D1DC}"
EndProject
Global
	GlobalSection(SolutionConfigurationPlatforms) = preSolution
		Debug|Any CPU = Debug|Any CPU
		Release|Any CPU = Release|Any CPU
	EndGlobalSection
	GlobalSection(ProjectConfigurationPlatforms) = postSolution
		{D8994B44-B7B6-4765-81DB-5FE99919D1DC}.Debug|Any CPU.ActiveCfg = Debug|Any CPU
		{D8994B44-B7B6-4765-81DB-5FE99919D1DC}.Debug|Any CPU.Build.0 = Debug|Any CPU
		{D8994B44-B7B6-4765-81DB-5FE99919D1DC}.Release|Any CPU.ActiveCfg = Release|Any CPU
		{D8994B44-B7B6-4765-81DB-5FE99919D1DC}.Release|Any CPU.Build.0 = Release|Any CPU
	EndGlobalSection
	GlobalSection(SolutionProperties) = preSolution
		HideSolutionNode = FALSE
	EndGlobalSection
	GlobalSection(ExtensibilityGlobals) = postSolution
		SolutionGuid = {1C3D3526-7C17-495B-B5B7-AEF3A249E485}
	EndGlobalSection
EndGlobal
