
Microsoft Visual Studio Solution File, Format Version 12.00
# Visual Studio Version 16
VisualStudioVersion = 16.0.28922.388
MinimumVisualStudioVersion = 10.0.40219.1
Project("{FAE04EC0-301F-11D3-BF4B-00C04F79EFBC}") = "UtopianTree", "UtopianTree\UtopianTree.csproj", "{909BBFCD-FD31-4D68-9DA2-92CCF1603162}"
EndProject
Global
	GlobalSection(SolutionConfigurationPlatforms) = preSolution
		Debug|Any CPU = Debug|Any CPU
		Release|Any CPU = Release|Any CPU
	EndGlobalSection
	GlobalSection(ProjectConfigurationPlatforms) = postSolution
		{909BBFCD-FD31-4D68-9DA2-92CCF1603162}.Debug|Any CPU.ActiveCfg = Debug|Any CPU
		{909BBFCD-FD31-4D68-9DA2-92CCF1603162}.Debug|Any CPU.Build.0 = Debug|Any CPU
		{909BBFCD-FD31-4D68-9DA2-92CCF1603162}.Release|Any CPU.ActiveCfg = Release|Any CPU
		{909BBFCD-FD31-4D68-9DA2-92CCF1603162}.Release|Any CPU.Build.0 = Release|Any CPU
	EndGlobalSection
	GlobalSection(SolutionProperties) = preSolution
		HideSolutionNode = FALSE
	EndGlobalSection
	GlobalSection(ExtensibilityGlobals) = postSolution
		SolutionGuid = {9B2375F5-633E-435A-BEC9-1096269191CF}
	EndGlobalSection
EndGlobal
