
Microsoft Visual Studio Solution File, Format Version 12.00
# Visual Studio Version 16
VisualStudioVersion = 16.0.28922.388
MinimumVisualStudioVersion = 10.0.40219.1
Project("{FAE04EC0-301F-11D3-BF4B-00C04F79EFBC}") = "FunnyString", "FunnyString\FunnyString.csproj", "{C0E6A954-CA78-4CF5-AE81-7966EC07EF39}"
EndProject
Global
	GlobalSection(SolutionConfigurationPlatforms) = preSolution
		Debug|Any CPU = Debug|Any CPU
		Release|Any CPU = Release|Any CPU
	EndGlobalSection
	GlobalSection(ProjectConfigurationPlatforms) = postSolution
		{C0E6A954-CA78-4CF5-AE81-7966EC07EF39}.Debug|Any CPU.ActiveCfg = Debug|Any CPU
		{C0E6A954-CA78-4CF5-AE81-7966EC07EF39}.Debug|Any CPU.Build.0 = Debug|Any CPU
		{C0E6A954-CA78-4CF5-AE81-7966EC07EF39}.Release|Any CPU.ActiveCfg = Release|Any CPU
		{C0E6A954-CA78-4CF5-AE81-7966EC07EF39}.Release|Any CPU.Build.0 = Release|Any CPU
	EndGlobalSection
	GlobalSection(SolutionProperties) = preSolution
		HideSolutionNode = FALSE
	EndGlobalSection
	GlobalSection(ExtensibilityGlobals) = postSolution
		SolutionGuid = {002E6D6E-B534-4CFF-A8AA-A5C3996DC072}
	EndGlobalSection
EndGlobal
