
Microsoft Visual Studio Solution File, Format Version 12.00
# Visual Studio Version 16
VisualStudioVersion = 16.0.28922.388
MinimumVisualStudioVersion = 10.0.40219.1
Project("{FAE04EC0-301F-11D3-BF4B-00C04F79EFBC}") = "PlusMinus", "PlusMinus\PlusMinus.csproj", "{77D5CB21-04AA-4856-82C2-120C63F03058}"
EndProject
Global
	GlobalSection(SolutionConfigurationPlatforms) = preSolution
		Debug|Any CPU = Debug|Any CPU
		Release|Any CPU = Release|Any CPU
	EndGlobalSection
	GlobalSection(ProjectConfigurationPlatforms) = postSolution
		{77D5CB21-04AA-4856-82C2-120C63F03058}.Debug|Any CPU.ActiveCfg = Debug|Any CPU
		{77D5CB21-04AA-4856-82C2-120C63F03058}.Debug|Any CPU.Build.0 = Debug|Any CPU
		{77D5CB21-04AA-4856-82C2-120C63F03058}.Release|Any CPU.ActiveCfg = Release|Any CPU
		{77D5CB21-04AA-4856-82C2-120C63F03058}.Release|Any CPU.Build.0 = Release|Any CPU
	EndGlobalSection
	GlobalSection(SolutionProperties) = preSolution
		HideSolutionNode = FALSE
	EndGlobalSection
	GlobalSection(ExtensibilityGlobals) = postSolution
		SolutionGuid = {7D81B9E0-B6C7-47C6-B711-6E2D85B1EDC2}
	EndGlobalSection
EndGlobal
